
Microsoft Visual Studio Solution File, Format Version 12.00
# Visual Studio Version 17
VisualStudioVersion = 17.5.33530.505
MinimumVisualStudioVersion = 10.0.40219.1
Project("{FAE04EC0-301F-11D3-BF4B-00C04F79EFBC}") = "Hero", "Hero\Hero.csproj", "{CC329A49-6DE4-400F-B432-CFCD02CE4294}"
EndProject
Global
	GlobalSection(SolutionConfigurationPlatforms) = preSolution
		Debug|Any CPU = Debug|Any CPU
		Release|Any CPU = Release|Any CPU
	EndGlobalSection
	GlobalSection(ProjectConfigurationPlatforms) = postSolution
		{CC329A49-6DE4-400F-B432-CFCD02CE4294}.Debug|Any CPU.ActiveCfg = Debug|Any CPU
		{CC329A49-6DE4-400F-B432-CFCD02CE4294}.Debug|Any CPU.Build.0 = Debug|Any CPU
		{CC329A49-6DE4-400F-B432-CFCD02CE4294}.Release|Any CPU.ActiveCfg = Release|Any CPU
		{CC329A49-6DE4-400F-B432-CFCD02CE4294}.Release|Any CPU.Build.0 = Release|Any CPU
	EndGlobalSection
	GlobalSection(SolutionProperties) = preSolution
		HideSolutionNode = FALSE
	EndGlobalSection
	GlobalSection(ExtensibilityGlobals) = postSolution
		SolutionGuid = {A03F138C-6184-40D6-AA5B-CDCA3ABFB176}
	EndGlobalSection
EndGlobal
